{
  "version": 4,
  "terraform_version": "1.15.8",
  "serial": 63,
  "lineage": "5f39cb79-ed20-fdde-ff9d-6581783698d2",
  "outputs": {
    "amplify_app_id": {
      "value": "d2xjrv8ib3g5kl",
      "type": "string"
    },
    "amplify_default_domain": {
      "value": "d2xjrv8ib3g5kl.amplifyapp.com",
      "type": "string"
    },
    "amplify_domain_association_certificate_verification_dns_record": {
      "value": "_71c61de016437d58b30046168c7539b5.tryrepath.com. CNAME _ee2228c9f78c27a114c7a2b73538898b.jkddzztszm.acm-validations.aws.",
      "type": "string"
    },
    "ec2_public_ip": {
      "value": "65.0.235.167",
      "type": "string"
    },
    "ecr_repository_urls": {
      "value": {
        "controller": "711457211368.dkr.ecr.ap-south-1.amazonaws.com/repath/controller",
        "evaluator": "711457211368.dkr.ecr.ap-south-1.amazonaws.com/repath/evaluator",
        "gateway": "711457211368.dkr.ecr.ap-south-1.amazonaws.com/repath/gateway"
      },
      "type": [
        "object",
        {
          "controller": "string",
          "evaluator": "string",
          "gateway": "string"
        }
      ]
    },
    "github_actions_role_arn": {
      "value": "arn:aws:iam::711457211368:role/repath-github-actions",
      "type": "string"
    },
    "rds_endpoint": {
      "value": "repath-prod.c7m0gkgwqy6n.ap-south-1.rds.amazonaws.com:5432",
      "type": "string"
    }
  },
  "resources": [
    {
      "mode": "data",
      "type": "aws_iam_policy_document",
      "name": "ec2_assume",
      "provider": "provider[\"registry.terraform.io/hashicorp/aws\"]",
      "instances": [
        {
          "schema_version": 0,
          "attributes": {
            "id": "2851119427",
            "json": "{\n  \"Version\": \"2012-10-17\",\n  \"Statement\": [\n    {\n      \"Effect\": \"Allow\",\n      \"Action\": \"sts:AssumeRole\",\n      \"Principal\": {\n        \"Service\": \"ec2.amazonaws.com\"\n      }\n    }\n  ]\n}",
            "minified_json": "{\"Version\":\"2012-10-17\",\"Statement\":[{\"Effect\":\"Allow\",\"Action\":\"sts:AssumeRole\",\"Principal\":{\"Service\":\"ec2.amazonaws.com\"}}]}",
            "override_json": null,
            "override_policy_documents": null,
            "policy_id": null,
            "source_json": null,
            "source_policy_documents": null,
            "statement": [
              {
                "actions": [
                  "sts:AssumeRole"
                ],
                "condition": [],
                "effect": "Allow",
                "not_actions": [],
                "not_principals": [],
                "not_resources": [],
                "principals": [
                  {
                    "identifiers": [
                      "ec2.amazonaws.com"
                    ],
                    "type": "Service"
                  }
                ],
                "resources": [],
                "sid": ""
              }
            ],
            "version": "2012-10-17"
          },
          "sensitive_attributes": [],
          "identity_schema_version": 0
        }
      ]
    },
    {
      "mode": "data",
      "type": "aws_iam_policy_document",
      "name": "ec2_ssm_params",
      "provider": "provider[\"registry.terraform.io/hashicorp/aws\"]",
      "instances": [
        {
          "schema_version": 0,
          "attributes": {
            "id": "1604964581",
            "json": "{\n  \"Version\": \"2012-10-17\",\n  \"Statement\": [\n    {\n      \"Effect\": \"Allow\",\n      \"Action\": [\n        \"ssm:GetParametersByPath\",\n        \"ssm:GetParameters\",\n        \"ssm:GetParameter\"\n      ],\n      \"Resource\": [\n        \"arn:aws:ssm:ap-south-1:*:parameter/repath/prod/*\",\n        \"arn:aws:ssm:ap-south-1:*:parameter/repath/prod\"\n      ]\n    },\n    {\n      \"Effect\": \"Allow\",\n      \"Action\": \"kms:Decrypt\",\n      \"Resource\": \"arn:aws:kms:ap-south-1:*:alias/aws/ssm\"\n    }\n  ]\n}",
            "minified_json": "{\"Version\":\"2012-10-17\",\"Statement\":[{\"Effect\":\"Allow\",\"Action\":[\"ssm:GetParametersByPath\",\"ssm:GetParameters\",\"ssm:GetParameter\"],\"Resource\":[\"arn:aws:ssm:ap-south-1:*:parameter/repath/prod/*\",\"arn:aws:ssm:ap-south-1:*:parameter/repath/prod\"]},{\"Effect\":\"Allow\",\"Action\":\"kms:Decrypt\",\"Resource\":\"arn:aws:kms:ap-south-1:*:alias/aws/ssm\"}]}",
            "override_json": null,
            "override_policy_documents": null,
            "policy_id": null,
            "source_json": null,
            "source_policy_documents": null,
            "statement": [
              {
                "actions": [
                  "ssm:GetParameter",
                  "ssm:GetParameters",
                  "ssm:GetParametersByPath"
                ],
                "condition": [],
                "effect": "Allow",
                "not_actions": [],
                "not_principals": [],
                "not_resources": [],
                "principals": [],
                "resources": [
                  "arn:aws:ssm:ap-south-1:*:parameter/repath/prod",
                  "arn:aws:ssm:ap-south-1:*:parameter/repath/prod/*"
                ],
                "sid": ""
              },
              {
                "actions": [
                  "kms:Decrypt"
                ],
                "condition": [],
                "effect": "Allow",
                "not_actions": [],
                "not_principals": [],
                "not_resources": [],
                "principals": [],
                "resources": [
                  "arn:aws:kms:ap-south-1:*:alias/aws/ssm"
                ],
                "sid": ""
              }
            ],
            "version": "2012-10-17"
          },
          "sensitive_attributes": [],
          "identity_schema_version": 0
        }
      ]
    },
    {
      "mode": "data",
      "type": "aws_iam_policy_document",
      "name": "github_actions",
      "provider": "provider[\"registry.terraform.io/hashicorp/aws\"]",
      "instances": [
        {
          "schema_version": 0,
          "attributes": {
            "id": "3796481193",
            "json": "{\n  \"Version\": \"2012-10-17\",\n  \"Statement\": [\n    {\n      \"Sid\": \"EcrAuth\",\n      \"Effect\": \"Allow\",\n      \"Action\": \"ecr:GetAuthorizationToken\",\n      \"Resource\": \"*\"\n    },\n    {\n      \"Sid\": \"EcrPush\",\n      \"Effect\": \"Allow\",\n      \"Action\": [\n        \"ecr:UploadLayerPart\",\n        \"ecr:PutImage\",\n        \"ecr:InitiateLayerUpload\",\n        \"ecr:GetDownloadUrlForLayer\",\n        \"ecr:CompleteLayerUpload\",\n        \"ecr:BatchGetImage\",\n        \"ecr:BatchCheckLayerAvailability\"\n      ],\n      \"Resource\": [\n        \"arn:aws:ecr:ap-south-1:711457211368:repository/repath/gateway\",\n        \"arn:aws:ecr:ap-south-1:711457211368:repository/repath/evaluator\",\n        \"arn:aws:ecr:ap-south-1:711457211368:repository/repath/controller\"\n      ]\n    },\n    {\n      \"Sid\": \"DeployViaSsm\",\n      \"Effect\": \"Allow\",\n      \"Action\": \"ssm:SendCommand\",\n      \"Resource\": [\n        \"arn:aws:ssm:ap-south-1:*:document/AWS-RunShellScript\",\n        \"arn:aws:ec2:ap-south-1:711457211368:instance/i-00d5424955a8f2ead\"\n      ]\n    },\n    {\n      \"Sid\": \"SsmCommandStatus\",\n      \"Effect\": \"Allow\",\n      \"Action\": [\n        \"ssm:ListCommandInvocations\",\n        \"ssm:GetCommandInvocation\"\n      ],\n      \"Resource\": \"*\"\n    }\n  ]\n}",
            "minified_json": "{\"Version\":\"2012-10-17\",\"Statement\":[{\"Sid\":\"EcrAuth\",\"Effect\":\"Allow\",\"Action\":\"ecr:GetAuthorizationToken\",\"Resource\":\"*\"},{\"Sid\":\"EcrPush\",\"Effect\":\"Allow\",\"Action\":[\"ecr:UploadLayerPart\",\"ecr:PutImage\",\"ecr:InitiateLayerUpload\",\"ecr:GetDownloadUrlForLayer\",\"ecr:CompleteLayerUpload\",\"ecr:BatchGetImage\",\"ecr:BatchCheckLayerAvailability\"],\"Resource\":[\"arn:aws:ecr:ap-south-1:711457211368:repository/repath/gateway\",\"arn:aws:ecr:ap-south-1:711457211368:repository/repath/evaluator\",\"arn:aws:ecr:ap-south-1:711457211368:repository/repath/controller\"]},{\"Sid\":\"DeployViaSsm\",\"Effect\":\"Allow\",\"Action\":\"ssm:SendCommand\",\"Resource\":[\"arn:aws:ssm:ap-south-1:*:document/AWS-RunShellScript\",\"arn:aws:ec2:ap-south-1:711457211368:instance/i-00d5424955a8f2ead\"]},{\"Sid\":\"SsmCommandStatus\",\"Effect\":\"Allow\",\"Action\":[\"ssm:ListCommandInvocations\",\"ssm:GetCommandInvocation\"],\"Resource\":\"*\"}]}",
            "override_json": null,
            "override_policy_documents": null,
            "policy_id": null,
            "source_json": null,
            "source_policy_documents": null,
            "statement": [
              {
                "actions": [
                  "ecr:GetAuthorizationToken"
                ],
                "condition": [],
                "effect": "Allow",
                "not_actions": [],
                "not_principals": [],
                "not_resources": [],
                "principals": [],
                "resources": [
                  "*"
                ],
                "sid": "EcrAuth"
              },
              {
                "actions": [
                  "ecr:BatchCheckLayerAvailability",
                  "ecr:BatchGetImage",
                  "ecr:CompleteLayerUpload",
                  "ecr:GetDownloadUrlForLayer",
                  "ecr:InitiateLayerUpload",
                  "ecr:PutImage",
                  "ecr:UploadLayerPart"
                ],
                "condition": [],
                "effect": "Allow",
                "not_actions": [],
                "not_principals": [],
                "not_resources": [],
                "principals": [],
                "resources": [
                  "arn:aws:ecr:ap-south-1:711457211368:repository/repath/controller",
                  "arn:aws:ecr:ap-south-1:711457211368:repository/repath/evaluator",
                  "arn:aws:ecr:ap-south-1:711457211368:repository/repath/gateway"
                ],
                "sid": "EcrPush"
              },
              {
                "actions": [
                  "ssm:SendCommand"
                ],
                "condition": [],
                "effect": "Allow",
                "not_actions": [],
                "not_principals": [],
                "not_resources": [],
                "principals": [],
                "resources": [
                  "arn:aws:ec2:ap-south-1:711457211368:instance/i-00d5424955a8f2ead",
                  "arn:aws:ssm:ap-south-1:*:document/AWS-RunShellScript"
                ],
                "sid": "DeployViaSsm"
              },
              {
                "actions": [
                  "ssm:GetCommandInvocation",
                  "ssm:ListCommandInvocations"
                ],
                "condition": [],
                "effect": "Allow",
                "not_actions": [],
                "not_principals": [],
                "not_resources": [],
                "principals": [],
                "resources": [
                  "*"
                ],
                "sid": "SsmCommandStatus"
              }
            ],
            "version": "2012-10-17"
          },
          "sensitive_attributes": [],
          "identity_schema_version": 0
        }
      ]
    },
    {
      "mode": "data",
      "type": "aws_iam_policy_document",
      "name": "github_assume",
      "provider": "provider[\"registry.terraform.io/hashicorp/aws\"]",
      "instances": [
        {
          "schema_version": 0,
          "attributes": {
            "id": "4133465326",
            "json": "{\n  \"Version\": \"2012-10-17\",\n  \"Statement\": [\n    {\n      \"Effect\": \"Allow\",\n      \"Action\": \"sts:AssumeRoleWithWebIdentity\",\n      \"Principal\": {\n        \"Federated\": \"arn:aws:iam::711457211368:oidc-provider/token.actions.githubusercontent.com\"\n      },\n      \"Condition\": {\n        \"StringEquals\": {\n          \"token.actions.githubusercontent.com:aud\": \"sts.amazonaws.com\"\n        },\n        \"StringLike\": {\n          \"token.actions.githubusercontent.com:sub\": \"repo:repathhq/repath:*\"\n        }\n      }\n    }\n  ]\n}",
            "minified_json": "{\"Version\":\"2012-10-17\",\"Statement\":[{\"Effect\":\"Allow\",\"Action\":\"sts:AssumeRoleWithWebIdentity\",\"Principal\":{\"Federated\":\"arn:aws:iam::711457211368:oidc-provider/token.actions.githubusercontent.com\"},\"Condition\":{\"StringEquals\":{\"token.actions.githubusercontent.com:aud\":\"sts.amazonaws.com\"},\"StringLike\":{\"token.actions.githubusercontent.com:sub\":\"repo:repathhq/repath:*\"}}}]}",
            "override_json": null,
            "override_policy_documents": null,
            "policy_id": null,
            "source_json": null,
            "source_policy_documents": null,
            "statement": [
              {
                "actions": [
                  "sts:AssumeRoleWithWebIdentity"
                ],
                "condition": [
                  {
                    "test": "StringEquals",
                    "values": [
                      "sts.amazonaws.com"
                    ],
                    "variable": "token.actions.githubusercontent.com:aud"
                  },
                  {
                    "test": "StringLike",
                    "values": [
                      "repo:repathhq/repath:*"
                    ],
                    "variable": "token.actions.githubusercontent.com:sub"
                  }
                ],
                "effect": "Allow",
                "not_actions": [],
                "not_principals": [],
                "not_resources": [],
                "principals": [
                  {
                    "identifiers": [
                      "arn:aws:iam::711457211368:oidc-provider/token.actions.githubusercontent.com"
                    ],
                    "type": "Federated"
                  }
                ],
                "resources": [],
                "sid": ""
              }
            ],
            "version": "2012-10-17"
          },
          "sensitive_attributes": [],
          "identity_schema_version": 0
        }
      ]
    },
    {
      "mode": "data",
      "type": "aws_ssm_parameter",
      "name": "al2023",
      "provider": "provider[\"registry.terraform.io/hashicorp/aws\"]",
      "instances": [
        {
          "schema_version": 0,
          "attributes": {
            "arn": "arn:aws:ssm:ap-south-1::parameter/aws/service/ami-amazon-linux-latest/al2023-ami-kernel-default-x86_64",
            "id": "/aws/service/ami-amazon-linux-latest/al2023-ami-kernel-default-x86_64",
            "insecure_value": "ami-0ac7b260cf76d8865",
            "name": "/aws/service/ami-amazon-linux-latest/al2023-ami-kernel-default-x86_64",
            "type": "String",
            "value": "ami-0ac7b260cf76d8865",
            "version": 184,
            "with_decryption": true
          },
          "sensitive_attributes": [
            [
              {
                "type": "get_attr",
                "value": "value"
              }
            ]
          ],
          "identity_schema_version": 0
        }
      ]
    },
    {
      "mode": "data",
      "type": "aws_subnets",
      "name": "default",
      "provider": "provider[\"registry.terraform.io/hashicorp/aws\"]",
      "instances": [
        {
          "schema_version": 0,
          "attributes": {
            "filter": [
              {
                "name": "vpc-id",
                "values": [
                  "vpc-000c5b0e6d9f833ad"
                ]
              }
            ],
            "id": "ap-south-1",
            "ids": [
              "subnet-029888e6405b8b854",
              "subnet-05e36f6576c69872a",
              "subnet-03f2891809546a965"
            ],
            "tags": null,
            "timeouts": null
          },
          "sensitive_attributes": [],
          "identity_schema_version": 0
        }
      ]
    },
    {
      "mode": "data",
      "type": "aws_vpc",
      "name": "default",
      "provider": "provider[\"registry.terraform.io/hashicorp/aws\"]",
      "instances": [
        {
          "schema_version": 0,
          "attributes": {
            "arn": "arn:aws:ec2:ap-south-1:711457211368:vpc/vpc-000c5b0e6d9f833ad",
            "cidr_block": "172.31.0.0/16",
            "cidr_block_associations": [
              {
                "association_id": "vpc-cidr-assoc-0c898ca7ba6148de5",
                "cidr_block": "172.31.0.0/16",
                "state": "associated"
              }
            ],
            "default": true,
            "dhcp_options_id": "dopt-02cfd7adc9fa1b936",
            "enable_dns_hostnames": true,
            "enable_dns_support": true,
            "enable_network_address_usage_metrics": false,
            "filter": null,
            "id": "vpc-000c5b0e6d9f833ad",
            "instance_tenancy": "default",
            "ipv6_association_id": "",
            "ipv6_cidr_block": "",
            "main_route_table_id": "rtb-08ad50c558c05b16f",
            "owner_id": "711457211368",
            "state": null,
            "tags": {},
            "timeouts": null
          },
          "sensitive_attributes": [],
          "identity_schema_version": 0
        }
      ]
    },
    {
      "mode": "managed",
      "type": "aws_amplify_app",
      "name": "dashboard",
      "provider": "provider[\"registry.terraform.io/hashicorp/aws\"]",
      "instances": [
        {
          "schema_version": 0,
          "attributes": {
            "access_token": null,
            "arn": "arn:aws:amplify:ap-south-1:711457211368:apps/d2xjrv8ib3g5kl",
            "auto_branch_creation_config": [],
            "auto_branch_creation_patterns": null,
            "basic_auth_credentials": "",
            "build_spec": "version: 1\napplications:\n  - appRoot: dashboard\n    frontend:\n      phases:\n        preBuild:\n          commands:\n            - npm ci\n        build:\n          commands:\n            - npm run build\n      artifacts:\n        baseDirectory: .next\n        files:\n          - '**/*'\n      cache:\n        paths:\n          - node_modules/**/*\n",
            "cache_config": [
              {
                "type": "AMPLIFY_MANAGED_NO_COOKIES"
              }
            ],
            "compute_role_arn": "",
            "custom_headers": "",
            "custom_rule": [],
            "default_domain": "d2xjrv8ib3g5kl.amplifyapp.com",
            "description": "",
            "enable_auto_branch_creation": false,
            "enable_basic_auth": false,
            "enable_branch_auto_build": false,
            "enable_branch_auto_deletion": false,
            "environment_variables": {
              "AMPLIFY_DIFF_DEPLOY": "false",
              "AMPLIFY_MONOREPO_APP_ROOT": "dashboard",
              "JWT_SECRET": "FKxevAu09kKMj4hXLBZfGaJlT48vgfS2gcBvpBjCF6XpJetoIqcoS2soGhlcobhT",
              "NEXT_PUBLIC_API_URL": "https://api.tryrepath.com",
              "NEXT_PUBLIC_APP_URL": "https://tryrepath.com",
              "NEXT_PUBLIC_GATEWAY_URL": "https://api.tryrepath.com",
              "REPATH_API_TOKEN": "Wv7JpuHpEeGjwOyh5XB7keTQgFyknbi5JK7tNN81MLmlQ1V2EuCv4lPKTrnSvoQz"
            },
            "iam_service_role_arn": "",
            "id": "d2xjrv8ib3g5kl",
            "name": "repath-dashboard",
            "oauth_token": null,
            "platform": "WEB_COMPUTE",
            "production_branch": [],
            "repository": "",
            "tags": null,
            "tags_all": {}
          },
          "sensitive_attributes": [
            [
              {
                "type": "get_attr",
                "value": "access_token"
              }
            ],
            [
              {
                "type": "get_attr",
                "value": "basic_auth_credentials"
              }
            ],
            [
              {
                "type": "get_attr",
                "value": "environment_variables"
              },
              {
                "type": "index",
                "value": {
                  "value": "JWT_SECRET",
                  "type": "string"
                }
              }
            ],
            [
              {
                "type": "get_attr",
                "value": "environment_variables"
              },
              {
                "type": "index",
                "value": {
                  "value": "REPATH_API_TOKEN",
                  "type": "string"
                }
              }
            ],
            [
              {
                "type": "get_attr",
                "value": "oauth_token"
              }
            ]
          ],
          "identity_schema_version": 0,
          "private": "bnVsbA==",
          "dependencies": [
            "random_password.api_token",
            "random_password.jwt_secret"
          ]
        }
      ]
    },
    {
      "mode": "managed",
      "type": "aws_amplify_branch",
      "name": "main",
      "provider": "provider[\"registry.terraform.io/hashicorp/aws\"]",
      "instances": [
        {
          "schema_version": 0,
          "attributes": {
            "app_id": "d2xjrv8ib3g5kl",
            "arn": "arn:aws:amplify:ap-south-1:711457211368:apps/d2xjrv8ib3g5kl/branches/main",
            "associated_resources": [],
            "backend_environment_arn": "",
            "basic_auth_credentials": "",
            "branch_name": "main",
            "custom_domains": [],
            "description": "",
            "destination_branch": "",
            "display_name": "main",
            "enable_auto_build": true,
            "enable_basic_auth": false,
            "enable_notification": false,
            "enable_performance_mode": false,
            "enable_pull_request_preview": false,
            "environment_variables": null,
            "framework": "",
            "id": "d2xjrv8ib3g5kl/main",
            "pull_request_environment_name": "",
            "source_branch": "",
            "stage": "PRODUCTION",
            "tags": null,
            "tags_all": {},
            "ttl": "5"
          },
          "sensitive_attributes": [
            [
              {
                "type": "get_attr",
                "value": "basic_auth_credentials"
              }
            ]
          ],
          "identity_schema_version": 0,
          "private": "bnVsbA==",
          "dependencies": [
            "aws_amplify_app.dashboard",
            "random_password.api_token",
            "random_password.jwt_secret"
          ]
        }
      ]
    },
    {
      "mode": "managed",
      "type": "aws_db_instance",
      "name": "postgres",
      "provider": "provider[\"registry.terraform.io/hashicorp/aws\"]",
      "instances": [
        {
          "schema_version": 2,
          "attributes": {
            "address": "repath-prod.c7m0gkgwqy6n.ap-south-1.rds.amazonaws.com",
            "allocated_storage": 20,
            "allow_major_version_upgrade": null,
            "apply_immediately": true,
            "arn": "arn:aws:rds:ap-south-1:711457211368:db:repath-prod",
            "auto_minor_version_upgrade": true,
            "availability_zone": "ap-south-1b",
            "backup_retention_period": 7,
            "backup_target": "region",
            "backup_window": "19:33-20:03",
            "blue_green_update": [],
            "ca_cert_identifier": "rds-ca-rsa2048-g1",
            "character_set_name": "",
            "copy_tags_to_snapshot": false,
            "custom_iam_instance_profile": "",
            "customer_owned_ip_enabled": false,
            "database_insights_mode": "standard",
            "db_name": "repath",
            "db_subnet_group_name": "repath-db-subnets",
            "dedicated_log_volume": false,
            "delete_automated_backups": true,
            "deletion_protection": false,
            "domain": "",
            "domain_auth_secret_arn": "",
            "domain_dns_ips": [],
            "domain_fqdn": "",
            "domain_iam_role_name": "",
            "domain_ou": "",
            "enabled_cloudwatch_logs_exports": [],
            "endpoint": "repath-prod.c7m0gkgwqy6n.ap-south-1.rds.amazonaws.com:5432",
            "engine": "postgres",
            "engine_lifecycle_support": "open-source-rds-extended-support",
            "engine_version": "16",
            "engine_version_actual": "16.13",
            "final_snapshot_identifier": null,
            "hosted_zone_id": "Z2VFMSZA74J7XZ",
            "iam_database_authentication_enabled": false,
            "id": "db-IUCYRP7VTPF3NN4ZVK2U6OA3AE",
            "identifier": "repath-prod",
            "identifier_prefix": "",
            "instance_class": "db.t3.micro",
            "iops": 3000,
            "kms_key_id": "arn:aws:kms:ap-south-1:711457211368:key/5cc9853a-6275-48db-b28f-217accbb4668",
            "latest_restorable_time": "2026-08-28T16:36:06Z",
            "license_model": "postgresql-license",
            "listener_endpoint": [],
            "maintenance_window": "mon:10:01-mon:10:31",
            "manage_master_user_password": null,
            "master_user_secret": [],
            "master_user_secret_kms_key_id": null,
            "max_allocated_storage": 0,
            "monitoring_interval": 0,
            "monitoring_role_arn": "",
            "multi_az": false,
            "nchar_character_set_name": "",
            "network_type": "IPV4",
            "option_group_name": "default:postgres-16",
            "parameter_group_name": "default.postgres16",
            "password": "uOmYzwAW6lpWDbXq2drM1WQK",
            "password_wo": null,
            "password_wo_version": null,
            "performance_insights_enabled": false,
            "performance_insights_kms_key_id": "",
            "performance_insights_retention_period": 0,
            "port": 5432,
            "publicly_accessible": false,
            "replica_mode": "",
            "replicas": [],
            "replicate_source_db": "",
            "resource_id": "db-IUCYRP7VTPF3NN4ZVK2U6OA3AE",
            "restore_to_point_in_time": [],
            "s3_import": [],
            "skip_final_snapshot": true,
            "snapshot_identifier": null,
            "status": "available",
            "storage_encrypted": true,
            "storage_throughput": 125,
            "storage_type": "gp3",
            "tags": {},
            "tags_all": {},
            "timeouts": null,
            "timezone": "",
            "upgrade_storage_config": null,
            "username": "repath",
            "vpc_security_group_ids": [
              "sg-0e5522ab50f4d528f"
            ]
          },
          "sensitive_attributes": [
            [
              {
                "type": "get_attr",
                "value": "password"
              }
            ],
            [
              {
                "type": "get_attr",
                "value": "password_wo"
              }
            ]
          ],
          "identity_schema_version": 0,
          "private": "eyJlMmJmYjczMC1lY2FhLTExZTYtOGY4OC0zNDM2M2JjN2M0YzAiOnsiY3JlYXRlIjozMDAwMDAwMDAwMDAwLCJkZWxldGUiOjM2MDAwMDAwMDAwMDAsInVwZGF0ZSI6NDgwMDAwMDAwMDAwMH0sInNjaGVtYV92ZXJzaW9uIjoiMiJ9",
          "dependencies": [
            "aws_db_subnet_group.app",
            "aws_security_group.app",
            "aws_security_group.rds",
            "data.aws_subnets.default",
            "data.aws_vpc.default",
            "random_password.db"
          ]
        }
      ]
    },
    {
      "mode": "managed",
      "type": "aws_db_subnet_group",
      "name": "app",
      "provider": "provider[\"registry.terraform.io/hashicorp/aws\"]",
      "instances": [
        {
          "schema_version": 0,
          "attributes": {
            "arn": "arn:aws:rds:ap-south-1:711457211368:subgrp:repath-db-subnets",
            "description": "Managed by Terraform",
            "id": "repath-db-subnets",
            "name": "repath-db-subnets",
            "name_prefix": "",
            "subnet_ids": [
              "subnet-029888e6405b8b854",
              "subnet-03f2891809546a965",
              "subnet-05e36f6576c69872a"
            ],
            "supported_network_types": [
              "IPV4"
            ],
            "tags": {},
            "tags_all": {},
            "vpc_id": "vpc-000c5b0e6d9f833ad"
          },
          "sensitive_attributes": [],
          "identity_schema_version": 0,
          "private": "bnVsbA==",
          "dependencies": [
            "data.aws_subnets.default",
            "data.aws_vpc.default"
          ]
        }
      ]
    },
    {
      "mode": "managed",
      "type": "aws_ecr_lifecycle_policy",
      "name": "expire",
      "provider": "provider[\"registry.terraform.io/hashicorp/aws\"]",
      "instances": [
        {
          "index_key": "controller",
          "schema_version": 0,
          "attributes": {
            "id": "repath/controller",
            "policy": "{\"rules\":[{\"action\":{\"type\":\"expire\"},\"description\":\"keep last 5 images\",\"rulePriority\":1,\"selection\":{\"countNumber\":5,\"countType\":\"imageCountMoreThan\",\"tagStatus\":\"any\"}}]}",
            "registry_id": "711457211368",
            "repository": "repath/controller"
          },
          "sensitive_attributes": [],
          "identity_schema_version": 0,
          "private": "bnVsbA==",
          "dependencies": [
            "aws_ecr_repository.controller",
            "aws_ecr_repository.evaluator",
            "aws_ecr_repository.gateway"
          ]
        },
        {
          "index_key": "evaluator",
          "schema_version": 0,
          "attributes": {
            "id": "repath/evaluator",
            "policy": "{\"rules\":[{\"action\":{\"type\":\"expire\"},\"description\":\"keep last 5 images\",\"rulePriority\":1,\"selection\":{\"countNumber\":5,\"countType\":\"imageCountMoreThan\",\"tagStatus\":\"any\"}}]}",
            "registry_id": "711457211368",
            "repository": "repath/evaluator"
          },
          "sensitive_attributes": [],
          "identity_schema_version": 0,
          "private": "bnVsbA==",
          "dependencies": [
            "aws_ecr_repository.controller",
            "aws_ecr_repository.evaluator",
            "aws_ecr_repository.gateway"
          ]
        },
        {
          "index_key": "gateway",
          "schema_version": 0,
          "attributes": {
            "id": "repath/gateway",
            "policy": "{\"rules\":[{\"action\":{\"type\":\"expire\"},\"description\":\"keep last 5 images\",\"rulePriority\":1,\"selection\":{\"countNumber\":5,\"countType\":\"imageCountMoreThan\",\"tagStatus\":\"any\"}}]}",
            "registry_id": "711457211368",
            "repository": "repath/gateway"
          },
          "sensitive_attributes": [],
          "identity_schema_version": 0,
          "private": "bnVsbA==",
          "dependencies": [
            "aws_ecr_repository.controller",
            "aws_ecr_repository.evaluator",
            "aws_ecr_repository.gateway"
          ]
        }
      ]
    },
    {
      "mode": "managed",
      "type": "aws_ecr_repository",
      "name": "controller",
      "provider": "provider[\"registry.terraform.io/hashicorp/aws\"]",
      "instances": [
        {
          "schema_version": 0,
          "attributes": {
            "arn": "arn:aws:ecr:ap-south-1:711457211368:repository/repath/controller",
            "encryption_configuration": [
              {
                "encryption_type": "AES256",
                "kms_key": ""
              }
            ],
            "force_delete": null,
            "id": "repath/controller",
            "image_scanning_configuration": [
              {
                "scan_on_push": false
              }
            ],
            "image_tag_mutability": "MUTABLE",
            "name": "repath/controller",
            "registry_id": "711457211368",
            "repository_url": "711457211368.dkr.ecr.ap-south-1.amazonaws.com/repath/controller",
            "tags": {},
            "tags_all": {},
            "timeouts": null
          },
          "sensitive_attributes": [],
          "identity_schema_version": 0,
          "private": "eyJlMmJmYjczMC1lY2FhLTExZTYtOGY4OC0zNDM2M2JjN2M0YzAiOnsiZGVsZXRlIjoxMjAwMDAwMDAwMDAwfX0="
        }
      ]
    },
    {
      "mode": "managed",
      "type": "aws_ecr_repository",
      "name": "evaluator",
      "provider": "provider[\"registry.terraform.io/hashicorp/aws\"]",
      "instances": [
        {
          "schema_version": 0,
          "attributes": {
            "arn": "arn:aws:ecr:ap-south-1:711457211368:repository/repath/evaluator",
            "encryption_configuration": [
              {
                "encryption_type": "AES256",
                "kms_key": ""
              }
            ],
            "force_delete": null,
            "id": "repath/evaluator",
            "image_scanning_configuration": [
              {
                "scan_on_push": false
              }
            ],
            "image_tag_mutability": "MUTABLE",
            "name": "repath/evaluator",
            "registry_id": "711457211368",
            "repository_url": "711457211368.dkr.ecr.ap-south-1.amazonaws.com/repath/evaluator",
            "tags": {},
            "tags_all": {},
            "timeouts": null
          },
          "sensitive_attributes": [],
          "identity_schema_version": 0,
          "private": "eyJlMmJmYjczMC1lY2FhLTExZTYtOGY4OC0zNDM2M2JjN2M0YzAiOnsiZGVsZXRlIjoxMjAwMDAwMDAwMDAwfX0="
        }
      ]
    },
    {
      "mode": "managed",
      "type": "aws_ecr_repository",
      "name": "gateway",
      "provider": "provider[\"registry.terraform.io/hashicorp/aws\"]",
      "instances": [
        {
          "schema_version": 0,
          "attributes": {
            "arn": "arn:aws:ecr:ap-south-1:711457211368:repository/repath/gateway",
            "encryption_configuration": [
              {
                "encryption_type": "AES256",
                "kms_key": ""
              }
            ],
            "force_delete": null,
            "id": "repath/gateway",
            "image_scanning_configuration": [
              {
                "scan_on_push": false
              }
            ],
            "image_tag_mutability": "MUTABLE",
            "name": "repath/gateway",
            "registry_id": "711457211368",
            "repository_url": "711457211368.dkr.ecr.ap-south-1.amazonaws.com/repath/gateway",
            "tags": {},
            "tags_all": {},
            "timeouts": null
          },
          "sensitive_attributes": [],
          "identity_schema_version": 0,
          "private": "eyJlMmJmYjczMC1lY2FhLTExZTYtOGY4OC0zNDM2M2JjN2M0YzAiOnsiZGVsZXRlIjoxMjAwMDAwMDAwMDAwfX0="
        }
      ]
    },
    {
      "mode": "managed",
      "type": "aws_eip",
      "name": "app",
      "provider": "provider[\"registry.terraform.io/hashicorp/aws\"]",
      "instances": [
        {
          "schema_version": 0,
          "attributes": {
            "address": null,
            "allocation_id": "eipalloc-0312744fa3cde1a08",
            "arn": "arn:aws:ec2:ap-south-1:711457211368:elastic-ip/eipalloc-0312744fa3cde1a08",
            "associate_with_private_ip": null,
            "association_id": "eipassoc-07b5bb98e3e8b0caf",
            "carrier_ip": "",
            "customer_owned_ip": "",
            "customer_owned_ipv4_pool": "",
            "domain": "vpc",
            "id": "eipalloc-0312744fa3cde1a08",
            "instance": "i-00d5424955a8f2ead",
            "ipam_pool_id": null,
            "network_border_group": "ap-south-1",
            "network_interface": "eni-05d50144515347f03",
            "private_dns": "ip-172-31-39-35.ap-south-1.compute.internal",
            "private_ip": "172.31.39.35",
            "ptr_record": "",
            "public_dns": "ec2-65-0-235-167.ap-south-1.compute.amazonaws.com",
            "public_ip": "65.0.235.167",
            "public_ipv4_pool": "amazon",
            "tags": {
              "Name": "repath-app"
            },
            "tags_all": {
              "Name": "repath-app"
            },
            "timeouts": null,
            "vpc": true
          },
          "sensitive_attributes": [],
          "identity_schema_version": 0,
          "private": "eyJlMmJmYjczMC1lY2FhLTExZTYtOGY4OC0zNDM2M2JjN2M0YzAiOnsiZGVsZXRlIjoxODAwMDAwMDAwMDAsInJlYWQiOjkwMDAwMDAwMDAwMCwidXBkYXRlIjozMDAwMDAwMDAwMDB9fQ==",
          "dependencies": [
            "aws_iam_instance_profile.ec2",
            "aws_iam_role.ec2",
            "aws_instance.app",
            "aws_security_group.app",
            "data.aws_iam_policy_document.ec2_assume",
            "data.aws_ssm_parameter.al2023",
            "data.aws_subnets.default",
            "data.aws_vpc.default"
          ]
        }
      ]
    },
    {
      "mode": "managed",
      "type": "aws_iam_instance_profile",
      "name": "ec2",
      "provider": "provider[\"registry.terraform.io/hashicorp/aws\"]",
      "instances": [
        {
          "schema_version": 0,
          "attributes": {
            "arn": "arn:aws:iam::711457211368:instance-profile/repath-ec2-profile",
            "create_date": "2026-07-22T09:31:14Z",
            "id": "repath-ec2-profile",
            "name": "repath-ec2-profile",
            "name_prefix": "",
            "path": "/",
            "role": "repath-ec2-role",
            "tags": {},
            "tags_all": {},
            "unique_id": "AIPA2LJRHQPUJ75227YMG"
          },
          "sensitive_attributes": [],
          "identity_schema_version": 0,
          "private": "bnVsbA==",
          "dependencies": [
            "aws_iam_role.ec2",
            "data.aws_iam_policy_document.ec2_assume"
          ]
        }
      ]
    },
    {
      "mode": "managed",
      "type": "aws_iam_openid_connect_provider",
      "name": "github",
      "provider": "provider[\"registry.terraform.io/hashicorp/aws\"]",
      "instances": [
        {
          "schema_version": 0,
          "attributes": {
            "arn": "arn:aws:iam::711457211368:oidc-provider/token.actions.githubusercontent.com",
            "client_id_list": [
              "sts.amazonaws.com"
            ],
            "id": "arn:aws:iam::711457211368:oidc-provider/token.actions.githubusercontent.com",
            "tags": {},
            "tags_all": {},
            "thumbprint_list": [
              "6938fd4d98bab03faadb97b34396831e3780aea1",
              "1c58a3a8518e8759bf075b76b750d4f2df264fcd"
            ],
            "url": "token.actions.githubusercontent.com"
          },
          "sensitive_attributes": [],
          "identity_schema_version": 0,
          "private": "bnVsbA=="
        }
      ]
    },
    {
      "mode": "managed",
      "type": "aws_iam_role",
      "name": "ec2",
      "provider": "provider[\"registry.terraform.io/hashicorp/aws\"]",
      "instances": [
        {
          "schema_version": 0,
          "attributes": {
            "arn": "arn:aws:iam::711457211368:role/repath-ec2-role",
            "assume_role_policy": "{\"Statement\":[{\"Action\":\"sts:AssumeRole\",\"Effect\":\"Allow\",\"Principal\":{\"Service\":\"ec2.amazonaws.com\"}}],\"Version\":\"2012-10-17\"}",
            "create_date": "2026-07-22T09:31:12Z",
            "description": "",
            "force_detach_policies": false,
            "id": "repath-ec2-role",
            "inline_policy": [
              {
                "name": "repath-ec2-ssm-params",
                "policy": "{\"Version\":\"2012-10-17\",\"Statement\":[{\"Action\":[\"ssm:GetParametersByPath\",\"ssm:GetParameters\",\"ssm:GetParameter\"],\"Effect\":\"Allow\",\"Resource\":[\"arn:aws:ssm:ap-south-1:*:parameter/repath/prod/*\",\"arn:aws:ssm:ap-south-1:*:parameter/repath/prod\"]},{\"Action\":\"kms:Decrypt\",\"Effect\":\"Allow\",\"Resource\":\"arn:aws:kms:ap-south-1:*:alias/aws/ssm\"}]}"
              }
            ],
            "managed_policy_arns": [
              "arn:aws:iam::aws:policy/AmazonEC2ContainerRegistryReadOnly",
              "arn:aws:iam::aws:policy/AmazonSSMManagedInstanceCore"
            ],
            "max_session_duration": 3600,
            "name": "repath-ec2-role",
            "name_prefix": "",
            "path": "/",
            "permissions_boundary": "",
            "tags": {},
            "tags_all": {},
            "unique_id": "AROA2LJRHQPUH3FT4XBU2"
          },
          "sensitive_attributes": [],
          "identity_schema_version": 0,
          "private": "bnVsbA==",
          "dependencies": [
            "data.aws_iam_policy_document.ec2_assume"
          ]
        }
      ]
    },
    {
      "mode": "managed",
      "type": "aws_iam_role",
      "name": "github_actions",
      "provider": "provider[\"registry.terraform.io/hashicorp/aws\"]",
      "instances": [
        {
          "schema_version": 0,
          "attributes": {
            "arn": "arn:aws:iam::711457211368:role/repath-github-actions",
            "assume_role_policy": "{\"Statement\":[{\"Action\":\"sts:AssumeRoleWithWebIdentity\",\"Condition\":{\"StringEquals\":{\"token.actions.githubusercontent.com:aud\":\"sts.amazonaws.com\"},\"StringLike\":{\"token.actions.githubusercontent.com:sub\":\"repo:repathhq/repath:*\"}},\"Effect\":\"Allow\",\"Principal\":{\"Federated\":\"arn:aws:iam::711457211368:oidc-provider/token.actions.githubusercontent.com\"}}],\"Version\":\"2012-10-17\"}",
            "create_date": "2026-07-22T09:31:13Z",
            "description": "",
            "force_detach_policies": false,
            "id": "repath-github-actions",
            "inline_policy": [
              {
                "name": "repath-github-actions",
                "policy": "{\"Version\":\"2012-10-17\",\"Statement\":[{\"Action\":\"ecr:GetAuthorizationToken\",\"Effect\":\"Allow\",\"Resource\":\"*\",\"Sid\":\"EcrAuth\"},{\"Action\":[\"ecr:UploadLayerPart\",\"ecr:PutImage\",\"ecr:InitiateLayerUpload\",\"ecr:GetDownloadUrlForLayer\",\"ecr:CompleteLayerUpload\",\"ecr:BatchGetImage\",\"ecr:BatchCheckLayerAvailability\"],\"Effect\":\"Allow\",\"Resource\":[\"arn:aws:ecr:ap-south-1:711457211368:repository/repath/gateway\",\"arn:aws:ecr:ap-south-1:711457211368:repository/repath/evaluator\",\"arn:aws:ecr:ap-south-1:711457211368:repository/repath/controller\"],\"Sid\":\"EcrPush\"},{\"Action\":\"ssm:SendCommand\",\"Effect\":\"Allow\",\"Resource\":[\"arn:aws:ssm:ap-south-1:*:document/AWS-RunShellScript\",\"arn:aws:ec2:ap-south-1:711457211368:instance/i-00d5424955a8f2ead\"],\"Sid\":\"DeployViaSsm\"},{\"Action\":[\"ssm:ListCommandInvocations\",\"ssm:GetCommandInvocation\"],\"Effect\":\"Allow\",\"Resource\":\"*\",\"Sid\":\"SsmCommandStatus\"}]}"
              }
            ],
            "managed_policy_arns": [],
            "max_session_duration": 3600,
            "name": "repath-github-actions",
            "name_prefix": "",
            "path": "/",
            "permissions_boundary": "",
            "tags": {},
            "tags_all": {},
            "unique_id": "AROA2LJRHQPUOA3GOQYWZ"
          },
          "sensitive_attributes": [],
          "identity_schema_version": 0,
          "private": "bnVsbA==",
          "dependencies": [
            "aws_iam_openid_connect_provider.github",
            "data.aws_iam_policy_document.github_assume"
          ]
        }
      ]
    },
    {
      "mode": "managed",
      "type": "aws_iam_role_policy",
      "name": "ec2_ssm_params",
      "provider": "provider[\"registry.terraform.io/hashicorp/aws\"]",
      "instances": [
        {
          "schema_version": 0,
          "attributes": {
            "id": "repath-ec2-role:repath-ec2-ssm-params",
            "name": "repath-ec2-ssm-params",
            "name_prefix": "",
            "policy": "{\"Version\":\"2012-10-17\",\"Statement\":[{\"Action\":[\"ssm:GetParametersByPath\",\"ssm:GetParameters\",\"ssm:GetParameter\"],\"Effect\":\"Allow\",\"Resource\":[\"arn:aws:ssm:ap-south-1:*:parameter/repath/prod/*\",\"arn:aws:ssm:ap-south-1:*:parameter/repath/prod\"]},{\"Action\":\"kms:Decrypt\",\"Effect\":\"Allow\",\"Resource\":\"arn:aws:kms:ap-south-1:*:alias/aws/ssm\"}]}",
            "role": "repath-ec2-role"
          },
          "sensitive_attributes": [],
          "identity_schema_version": 0,
          "private": "bnVsbA==",
          "dependencies": [
            "aws_iam_role.ec2",
            "data.aws_iam_policy_document.ec2_assume",
            "data.aws_iam_policy_document.ec2_ssm_params"
          ]
        }
      ]
    },
    {
      "mode": "managed",
      "type": "aws_iam_role_policy",
      "name": "github_actions",
      "provider": "provider[\"registry.terraform.io/hashicorp/aws\"]",
      "instances": [
        {
          "schema_version": 0,
          "attributes": {
            "id": "repath-github-actions:repath-github-actions",
            "name": "repath-github-actions",
            "name_prefix": "",
            "policy": "{\"Version\":\"2012-10-17\",\"Statement\":[{\"Action\":\"ecr:GetAuthorizationToken\",\"Effect\":\"Allow\",\"Resource\":\"*\",\"Sid\":\"EcrAuth\"},{\"Action\":[\"ecr:UploadLayerPart\",\"ecr:PutImage\",\"ecr:InitiateLayerUpload\",\"ecr:GetDownloadUrlForLayer\",\"ecr:CompleteLayerUpload\",\"ecr:BatchGetImage\",\"ecr:BatchCheckLayerAvailability\"],\"Effect\":\"Allow\",\"Resource\":[\"arn:aws:ecr:ap-south-1:711457211368:repository/repath/gateway\",\"arn:aws:ecr:ap-south-1:711457211368:repository/repath/evaluator\",\"arn:aws:ecr:ap-south-1:711457211368:repository/repath/controller\"],\"Sid\":\"EcrPush\"},{\"Action\":\"ssm:SendCommand\",\"Effect\":\"Allow\",\"Resource\":[\"arn:aws:ssm:ap-south-1:*:document/AWS-RunShellScript\",\"arn:aws:ec2:ap-south-1:711457211368:instance/i-00d5424955a8f2ead\"],\"Sid\":\"DeployViaSsm\"},{\"Action\":[\"ssm:ListCommandInvocations\",\"ssm:GetCommandInvocation\"],\"Effect\":\"Allow\",\"Resource\":\"*\",\"Sid\":\"SsmCommandStatus\"}]}",
            "role": "repath-github-actions"
          },
          "sensitive_attributes": [],
          "identity_schema_version": 0,
          "private": "bnVsbA==",
          "dependencies": [
            "aws_ecr_repository.controller",
            "aws_ecr_repository.evaluator",
            "aws_ecr_repository.gateway",
            "aws_iam_instance_profile.ec2",
            "aws_iam_openid_connect_provider.github",
            "aws_iam_role.ec2",
            "aws_iam_role.github_actions",
            "aws_instance.app",
            "aws_security_group.app",
            "data.aws_iam_policy_document.ec2_assume",
            "data.aws_iam_policy_document.github_actions",
            "data.aws_iam_policy_document.github_assume",
            "data.aws_ssm_parameter.al2023",
            "data.aws_subnets.default",
            "data.aws_vpc.default"
          ]
        }
      ]
    },
    {
      "mode": "managed",
      "type": "aws_iam_role_policy_attachment",
      "name": "ec2_ecr",
      "provider": "provider[\"registry.terraform.io/hashicorp/aws\"]",
      "instances": [
        {
          "schema_version": 0,
          "attributes": {
            "id": "repath-ec2-role-20260722093113878300000001",
            "policy_arn": "arn:aws:iam::aws:policy/AmazonEC2ContainerRegistryReadOnly",
            "role": "repath-ec2-role"
          },
          "sensitive_attributes": [],
          "identity_schema_version": 0,
          "private": "bnVsbA==",
          "dependencies": [
            "aws_iam_role.ec2",
            "data.aws_iam_policy_document.ec2_assume"
          ]
        }
      ]
    },
    {
      "mode": "managed",
      "type": "aws_iam_role_policy_attachment",
      "name": "ec2_ssm",
      "provider": "provider[\"registry.terraform.io/hashicorp/aws\"]",
      "instances": [
        {
          "schema_version": 0,
          "attributes": {
            "id": "repath-ec2-role-20260722093114061300000002",
            "policy_arn": "arn:aws:iam::aws:policy/AmazonSSMManagedInstanceCore",
            "role": "repath-ec2-role"
          },
          "sensitive_attributes": [],
          "identity_schema_version": 0,
          "private": "bnVsbA==",
          "dependencies": [
            "aws_iam_role.ec2",
            "data.aws_iam_policy_document.ec2_assume"
          ]
        }
      ]
    },
    {
      "mode": "managed",
      "type": "aws_instance",
      "name": "app",
      "provider": "provider[\"registry.terraform.io/hashicorp/aws\"]",
      "instances": [
        {
          "schema_version": 1,
          "attributes": {
            "ami": "ami-0ac7b260cf76d8865",
            "arn": "arn:aws:ec2:ap-south-1:711457211368:instance/i-00d5424955a8f2ead",
            "associate_public_ip_address": true,
            "availability_zone": "ap-south-1a",
            "capacity_reservation_specification": [
              {
                "capacity_reservation_preference": "open",
                "capacity_reservation_target": []
              }
            ],
            "cpu_core_count": 1,
            "cpu_options": [
              {
                "amd_sev_snp": "",
                "core_count": 1,
                "threads_per_core": 2
              }
            ],
            "cpu_threads_per_core": 2,
            "credit_specification": [
              {
                "cpu_credits": "unlimited"
              }
            ],
            "disable_api_stop": false,
            "disable_api_termination": false,
            "ebs_block_device": [],
            "ebs_optimized": false,
            "enable_primary_ipv6": null,
            "enclave_options": [
              {
                "enabled": false
              }
            ],
            "ephemeral_block_device": [],
            "get_password_data": false,
            "hibernation": false,
            "host_id": "",
            "host_resource_group_arn": null,
            "iam_instance_profile": "repath-ec2-profile",
            "id": "i-00d5424955a8f2ead",
            "instance_initiated_shutdown_behavior": "stop",
            "instance_lifecycle": "",
            "instance_market_options": [],
            "instance_state": "running",
            "instance_type": "t3.micro",
            "ipv6_address_count": 0,
            "ipv6_addresses": [],
            "key_name": "",
            "launch_template": [],
            "maintenance_options": [
              {
                "auto_recovery": "default"
              }
            ],
            "metadata_options": [
              {
                "http_endpoint": "enabled",
                "http_protocol_ipv6": "disabled",
                "http_put_response_hop_limit": 2,
                "http_tokens": "required",
                "instance_metadata_tags": "disabled"
              }
            ],
            "monitoring": false,
            "network_interface": [],
            "outpost_arn": "",
            "password_data": "",
            "placement_group": "",
            "placement_partition_number": 0,
            "primary_network_interface_id": "eni-05d50144515347f03",
            "private_dns": "ip-172-31-39-35.ap-south-1.compute.internal",
            "private_dns_name_options": [
              {
                "enable_resource_name_dns_a_record": false,
                "enable_resource_name_dns_aaaa_record": false,
                "hostname_type": "ip-name"
              }
            ],
            "private_ip": "172.31.39.35",
            "public_dns": "ec2-65-0-235-167.ap-south-1.compute.amazonaws.com",
            "public_ip": "65.0.235.167",
            "root_block_device": [
              {
                "delete_on_termination": true,
                "device_name": "/dev/xvda",
                "encrypted": true,
                "iops": 3000,
                "kms_key_id": "arn:aws:kms:ap-south-1:711457211368:key/8286b630-3930-415e-bf17-edfc9042432a",
                "tags": {},
                "tags_all": {},
                "throughput": 125,
                "volume_id": "vol-00acc7e53354cfe4e",
                "volume_size": 20,
                "volume_type": "gp3"
              }
            ],
            "secondary_private_ips": [],
            "security_groups": [
              "repath-app"
            ],
            "source_dest_check": true,
            "spot_instance_request_id": "",
            "subnet_id": "subnet-029888e6405b8b854",
            "tags": {
              "Name": "repath-app"
            },
            "tags_all": {
              "Name": "repath-app"
            },
            "tenancy": "default",
            "timeouts": null,
            "user_data": "179856a4ad802fea308fda18822e6c11f1f0cffb",
            "user_data_base64": null,
            "user_data_replace_on_change": false,
            "volume_tags": null,
            "vpc_security_group_ids": [
              "sg-0399bed0313ab2dea"
            ]
          },
          "sensitive_attributes": [
            [
              {
                "type": "get_attr",
                "value": "ami"
              }
            ]
          ],
          "identity_schema_version": 0,
          "private": "eyJlMmJmYjczMC1lY2FhLTExZTYtOGY4OC0zNDM2M2JjN2M0YzAiOnsiY3JlYXRlIjo2MDAwMDAwMDAwMDAsImRlbGV0ZSI6MTIwMDAwMDAwMDAwMCwicmVhZCI6OTAwMDAwMDAwMDAwLCJ1cGRhdGUiOjYwMDAwMDAwMDAwMH0sInNjaGVtYV92ZXJzaW9uIjoiMSJ9",
          "dependencies": [
            "aws_iam_instance_profile.ec2",
            "aws_iam_role.ec2",
            "aws_security_group.app",
            "data.aws_iam_policy_document.ec2_assume",
            "data.aws_ssm_parameter.al2023",
            "data.aws_subnets.default",
            "data.aws_vpc.default"
          ]
        }
      ]
    },
    {
      "mode": "managed",
      "type": "aws_security_group",
      "name": "app",
      "provider": "provider[\"registry.terraform.io/hashicorp/aws\"]",
      "instances": [
        {
          "schema_version": 1,
          "attributes": {
            "arn": "arn:aws:ec2:ap-south-1:711457211368:security-group/sg-0399bed0313ab2dea",
            "description": "Gateway/controller/evaluator host - HTTP(S) in, no SSH port open (SSM Session Manager only)",
            "egress": [
              {
                "cidr_blocks": [
                  "0.0.0.0/0"
                ],
                "description": "",
                "from_port": 0,
                "ipv6_cidr_blocks": [],
                "prefix_list_ids": [],
                "protocol": "-1",
                "security_groups": [],
                "self": false,
                "to_port": 0
              }
            ],
            "id": "sg-0399bed0313ab2dea",
            "ingress": [
              {
                "cidr_blocks": [
                  "0.0.0.0/0"
                ],
                "description": "HTTP (Caddy redirects to HTTPS)",
                "from_port": 80,
                "ipv6_cidr_blocks": [],
                "prefix_list_ids": [],
                "protocol": "tcp",
                "security_groups": [],
                "self": false,
                "to_port": 80
              },
              {
                "cidr_blocks": [
                  "0.0.0.0/0"
                ],
                "description": "HTTPS (Caddy to gateway :8080)",
                "from_port": 443,
                "ipv6_cidr_blocks": [],
                "prefix_list_ids": [],
                "protocol": "tcp",
                "security_groups": [],
                "self": false,
                "to_port": 443
              }
            ],
            "name": "repath-app",
            "name_prefix": "",
            "owner_id": "711457211368",
            "revoke_rules_on_delete": false,
            "tags": {
              "Name": "repath-app"
            },
            "tags_all": {
              "Name": "repath-app"
            },
            "timeouts": null,
            "vpc_id": "vpc-000c5b0e6d9f833ad"
          },
          "sensitive_attributes": [],
          "identity_schema_version": 0,
          "private": "eyJlMmJmYjczMC1lY2FhLTExZTYtOGY4OC0zNDM2M2JjN2M0YzAiOnsiY3JlYXRlIjo2MDAwMDAwMDAwMDAsImRlbGV0ZSI6OTAwMDAwMDAwMDAwfSwic2NoZW1hX3ZlcnNpb24iOiIxIn0=",
          "dependencies": [
            "data.aws_vpc.default"
          ]
        }
      ]
    },
    {
      "mode": "managed",
      "type": "aws_security_group",
      "name": "rds",
      "provider": "provider[\"registry.terraform.io/hashicorp/aws\"]",
      "instances": [
        {
          "schema_version": 1,
          "attributes": {
            "arn": "arn:aws:ec2:ap-south-1:711457211368:security-group/sg-0e5522ab50f4d528f",
            "description": "Postgres - only reachable from the app host",
            "egress": [
              {
                "cidr_blocks": [
                  "0.0.0.0/0"
                ],
                "description": "",
                "from_port": 0,
                "ipv6_cidr_blocks": [],
                "prefix_list_ids": [],
                "protocol": "-1",
                "security_groups": [],
                "self": false,
                "to_port": 0
              }
            ],
            "id": "sg-0e5522ab50f4d528f",
            "ingress": [
              {
                "cidr_blocks": [],
                "description": "Postgres from app host",
                "from_port": 5432,
                "ipv6_cidr_blocks": [],
                "prefix_list_ids": [],
                "protocol": "tcp",
                "security_groups": [
                  "sg-0399bed0313ab2dea"
                ],
                "self": false,
                "to_port": 5432
              }
            ],
            "name": "repath-rds",
            "name_prefix": "",
            "owner_id": "711457211368",
            "revoke_rules_on_delete": false,
            "tags": {
              "Name": "repath-rds"
            },
            "tags_all": {
              "Name": "repath-rds"
            },
            "timeouts": null,
            "vpc_id": "vpc-000c5b0e6d9f833ad"
          },
          "sensitive_attributes": [],
          "identity_schema_version": 0,
          "private": "eyJlMmJmYjczMC1lY2FhLTExZTYtOGY4OC0zNDM2M2JjN2M0YzAiOnsiY3JlYXRlIjo2MDAwMDAwMDAwMDAsImRlbGV0ZSI6OTAwMDAwMDAwMDAwfSwic2NoZW1hX3ZlcnNpb24iOiIxIn0=",
          "dependencies": [
            "aws_security_group.app",
            "data.aws_vpc.default"
          ]
        }
      ]
    },
    {
      "mode": "managed",
      "type": "aws_ssm_parameter",
      "name": "app",
      "provider": "provider[\"registry.terraform.io/hashicorp/aws\"]",
      "instances": [
        {
          "index_key": "JWT_SECRET",
          "schema_version": 0,
          "attributes": {
            "allowed_pattern": "",
            "arn": "arn:aws:ssm:ap-south-1:711457211368:parameter/repath/prod/JWT_SECRET",
            "data_type": "text",
            "description": "",
            "has_value_wo": null,
            "id": "/repath/prod/JWT_SECRET",
            "insecure_value": null,
            "key_id": "alias/aws/ssm",
            "name": "/repath/prod/JWT_SECRET",
            "overwrite": null,
            "tags": {},
            "tags_all": {},
            "tier": "Standard",
            "type": "SecureString",
            "value": "FKxevAu09kKMj4hXLBZfGaJlT48vgfS2gcBvpBjCF6XpJetoIqcoS2soGhlcobhT",
            "value_wo": null,
            "value_wo_version": null,
            "version": 1
          },
          "sensitive_attributes": [
            [
              {
                "type": "get_attr",
                "value": "value"
              }
            ],
            [
              {
                "type": "get_attr",
                "value": "value_wo"
              }
            ]
          ],
          "identity_schema_version": 0,
          "private": "bnVsbA==",
          "dependencies": [
            "aws_db_instance.postgres",
            "aws_db_subnet_group.app",
            "aws_security_group.app",
            "aws_security_group.rds",
            "data.aws_subnets.default",
            "data.aws_vpc.default",
            "random_password.api_token",
            "random_password.db",
            "random_password.jwt_secret"
          ]
        },
        {
          "index_key": "OPENAI_API_KEY",
          "schema_version": 0,
          "attributes": {
            "allowed_pattern": "",
            "arn": "arn:aws:ssm:ap-south-1:711457211368:parameter/repath/prod/OPENAI_API_KEY",
            "data_type": "text",
            "description": "",
            "has_value_wo": null,
            "id": "/repath/prod/OPENAI_API_KEY",
            "insecure_value": null,
            "key_id": "alias/aws/ssm",
            "name": "/repath/prod/OPENAI_API_KEY",
            "overwrite": null,
            "tags": {},
            "tags_all": {},
            "tier": "Standard",
            "type": "SecureString",
            "value": "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",
            "value_wo": null,
            "value_wo_version": null,
            "version": 1
          },
          "sensitive_attributes": [
            [
              {
                "type": "get_attr",
                "value": "value"
              }
            ],
            [
              {
                "type": "get_attr",
                "value": "value_wo"
              }
            ]
          ],
          "identity_schema_version": 0,
          "private": "bnVsbA==",
          "dependencies": [
            "aws_db_instance.postgres",
            "aws_db_subnet_group.app",
            "aws_security_group.app",
            "aws_security_group.rds",
            "data.aws_subnets.default",
            "data.aws_vpc.default",
            "random_password.api_token",
            "random_password.db",
            "random_password.jwt_secret"
          ]
        },
        {
          "index_key": "RAZORPAY_KEY_ID",
          "schema_version": 0,
          "attributes": {
            "allowed_pattern": "",
            "arn": "arn:aws:ssm:ap-south-1:711457211368:parameter/repath/prod/RAZORPAY_KEY_ID",
            "data_type": "text",
            "description": "",
            "has_value_wo": null,
            "id": "/repath/prod/RAZORPAY_KEY_ID",
            "insecure_value": null,
            "key_id": "alias/aws/ssm",
            "name": "/repath/prod/RAZORPAY_KEY_ID",
            "overwrite": null,
            "tags": {},
            "tags_all": {},
            "tier": "Standard",
            "type": "SecureString",
            "value": "rzp_test_T3xSmILA291CoB",
            "value_wo": null,
            "value_wo_version": null,
            "version": 1
          },
          "sensitive_attributes": [
            [
              {
                "type": "get_attr",
                "value": "value"
              }
            ],
            [
              {
                "type": "get_attr",
                "value": "value_wo"
              }
            ]
          ],
          "identity_schema_version": 0,
          "private": "bnVsbA==",
          "dependencies": [
            "aws_db_instance.postgres",
            "aws_db_subnet_group.app",
            "aws_security_group.app",
            "aws_security_group.rds",
            "data.aws_subnets.default",
            "data.aws_vpc.default",
            "random_password.api_token",
            "random_password.db",
            "random_password.jwt_secret"
          ]
        },
        {
          "index_key": "RAZORPAY_KEY_SECRET",
          "schema_version": 0,
          "attributes": {
            "allowed_pattern": "",
            "arn": "arn:aws:ssm:ap-south-1:711457211368:parameter/repath/prod/RAZORPAY_KEY_SECRET",
            "data_type": "text",
            "description": "",
            "has_value_wo": null,
            "id": "/repath/prod/RAZORPAY_KEY_SECRET",
            "insecure_value": null,
            "key_id": "alias/aws/ssm",
            "name": "/repath/prod/RAZORPAY_KEY_SECRET",
            "overwrite": null,
            "tags": {},
            "tags_all": {},
            "tier": "Standard",
            "type": "SecureString",
            "value": "v25FOCo1rf7MTigNfQbGtwjl",
            "value_wo": null,
            "value_wo_version": null,
            "version": 1
          },
          "sensitive_attributes": [
            [
              {
                "type": "get_attr",
                "value": "value"
              }
            ],
            [
              {
                "type": "get_attr",
                "value": "value_wo"
              }
            ]
          ],
          "identity_schema_version": 0,
          "private": "bnVsbA==",
          "dependencies": [
            "aws_db_instance.postgres",
            "aws_db_subnet_group.app",
            "aws_security_group.app",
            "aws_security_group.rds",
            "data.aws_subnets.default",
            "data.aws_vpc.default",
            "random_password.api_token",
            "random_password.db",
            "random_password.jwt_secret"
          ]
        },
        {
          "index_key": "RAZORPAY_LIVE_KEY",
          "schema_version": 0,
          "attributes": {
            "allowed_pattern": "",
            "arn": "arn:aws:ssm:ap-south-1:711457211368:parameter/repath/prod/RAZORPAY_LIVE_KEY",
            "data_type": "text",
            "description": "",
            "has_value_wo": null,
            "id": "/repath/prod/RAZORPAY_LIVE_KEY",
            "insecure_value": null,
            "key_id": "alias/aws/ssm",
            "name": "/repath/prod/RAZORPAY_LIVE_KEY",
            "overwrite": null,
            "tags": {},
            "tags_all": {},
            "tier": "Standard",
            "type": "SecureString",
            "value": "rzp_live_T4BO5a39ZS7l10",
            "value_wo": null,
            "value_wo_version": null,
            "version": 1
          },
          "sensitive_attributes": [
            [
              {
                "type": "get_attr",
                "value": "value"
              }
            ],
            [
              {
                "type": "get_attr",
                "value": "value_wo"
              }
            ]
          ],
          "identity_schema_version": 0,
          "private": "bnVsbA==",
          "dependencies": [
            "aws_db_instance.postgres",
            "aws_db_subnet_group.app",
            "aws_security_group.app",
            "aws_security_group.rds",
            "data.aws_subnets.default",
            "data.aws_vpc.default",
            "random_password.api_token",
            "random_password.db",
            "random_password.jwt_secret"
          ]
        },
        {
          "index_key": "RAZORPAY_LIVE_SECRET",
          "schema_version": 0,
          "attributes": {
            "allowed_pattern": "",
            "arn": "arn:aws:ssm:ap-south-1:711457211368:parameter/repath/prod/RAZORPAY_LIVE_SECRET",
            "data_type": "text",
            "description": "",
            "has_value_wo": null,
            "id": "/repath/prod/RAZORPAY_LIVE_SECRET",
            "insecure_value": null,
            "key_id": "alias/aws/ssm",
            "name": "/repath/prod/RAZORPAY_LIVE_SECRET",
            "overwrite": null,
            "tags": {},
            "tags_all": {},
            "tier": "Standard",
            "type": "SecureString",
            "value": "4vb60HiPZv3dutqmOny32aqg",
            "value_wo": null,
            "value_wo_version": null,
            "version": 1
          },
          "sensitive_attributes": [
            [
              {
                "type": "get_attr",
                "value": "value"
              }
            ],
            [
              {
                "type": "get_attr",
                "value": "value_wo"
              }
            ]
          ],
          "identity_schema_version": 0,
          "private": "bnVsbA==",
          "dependencies": [
            "aws_db_instance.postgres",
            "aws_db_subnet_group.app",
            "aws_security_group.app",
            "aws_security_group.rds",
            "data.aws_subnets.default",
            "data.aws_vpc.default",
            "random_password.api_token",
            "random_password.db",
            "random_password.jwt_secret"
          ]
        },
        {
          "index_key": "REPATH_API_TOKEN",
          "schema_version": 0,
          "attributes": {
            "allowed_pattern": "",
            "arn": "arn:aws:ssm:ap-south-1:711457211368:parameter/repath/prod/REPATH_API_TOKEN",
            "data_type": "text",
            "description": "",
            "has_value_wo": null,
            "id": "/repath/prod/REPATH_API_TOKEN",
            "insecure_value": null,
            "key_id": "alias/aws/ssm",
            "name": "/repath/prod/REPATH_API_TOKEN",
            "overwrite": null,
            "tags": {},
            "tags_all": {},
            "tier": "Standard",
            "type": "SecureString",
            "value": "Wv7JpuHpEeGjwOyh5XB7keTQgFyknbi5JK7tNN81MLmlQ1V2EuCv4lPKTrnSvoQz",
            "value_wo": null,
            "value_wo_version": null,
            "version": 1
          },
          "sensitive_attributes": [
            [
              {
                "type": "get_attr",
                "value": "value"
              }
            ],
            [
              {
                "type": "get_attr",
                "value": "value_wo"
              }
            ]
          ],
          "identity_schema_version": 0,
          "private": "bnVsbA==",
          "dependencies": [
            "aws_db_instance.postgres",
            "aws_db_subnet_group.app",
            "aws_security_group.app",
            "aws_security_group.rds",
            "data.aws_subnets.default",
            "data.aws_vpc.default",
            "random_password.api_token",
            "random_password.db",
            "random_password.jwt_secret"
          ]
        },
        {
          "index_key": "REPATH_DATABASE_URL",
          "schema_version": 0,
          "attributes": {
            "allowed_pattern": "",
            "arn": "arn:aws:ssm:ap-south-1:711457211368:parameter/repath/prod/REPATH_DATABASE_URL",
            "data_type": "text",
            "description": "",
            "has_value_wo": null,
            "id": "/repath/prod/REPATH_DATABASE_URL",
            "insecure_value": null,
            "key_id": "alias/aws/ssm",
            "name": "/repath/prod/REPATH_DATABASE_URL",
            "overwrite": null,
            "tags": {},
            "tags_all": {},
            "tier": "Standard",
            "type": "SecureString",
            "value": "postgresql://repath:uOmYzwAW6lpWDbXq2drM1WQK@repath-prod.c7m0gkgwqy6n.ap-south-1.rds.amazonaws.com:5432/repath?sslmode=require",
            "value_wo": null,
            "value_wo_version": null,
            "version": 1
          },
          "sensitive_attributes": [
            [
              {
                "type": "get_attr",
                "value": "value"
              }
            ],
            [
              {
                "type": "get_attr",
                "value": "value_wo"
              }
            ]
          ],
          "identity_schema_version": 0,
          "private": "bnVsbA==",
          "dependencies": [
            "aws_db_instance.postgres",
            "aws_db_subnet_group.app",
            "aws_security_group.app",
            "aws_security_group.rds",
            "data.aws_subnets.default",
            "data.aws_vpc.default",
            "random_password.api_token",
            "random_password.db",
            "random_password.jwt_secret"
          ]
        },
        {
          "index_key": "REPATH_REDIS_URL",
          "schema_version": 0,
          "attributes": {
            "allowed_pattern": "",
            "arn": "arn:aws:ssm:ap-south-1:711457211368:parameter/repath/prod/REPATH_REDIS_URL",
            "data_type": "text",
            "description": "",
            "has_value_wo": null,
            "id": "/repath/prod/REPATH_REDIS_URL",
            "insecure_value": null,
            "key_id": "alias/aws/ssm",
            "name": "/repath/prod/REPATH_REDIS_URL",
            "overwrite": null,
            "tags": {},
            "tags_all": {},
            "tier": "Standard",
            "type": "SecureString",
            "value": "redis://redis:6379",
            "value_wo": null,
            "value_wo_version": null,
            "version": 1
          },
          "sensitive_attributes": [
            [
              {
                "type": "get_attr",
                "value": "value"
              }
            ],
            [
              {
                "type": "get_attr",
                "value": "value_wo"
              }
            ]
          ],
          "identity_schema_version": 0,
          "private": "bnVsbA==",
          "dependencies": [
            "aws_db_instance.postgres",
            "aws_db_subnet_group.app",
            "aws_security_group.app",
            "aws_security_group.rds",
            "data.aws_subnets.default",
            "data.aws_vpc.default",
            "random_password.api_token",
            "random_password.db",
            "random_password.jwt_secret"
          ]
        }
      ]
    },
    {
      "mode": "managed",
      "type": "random_password",
      "name": "api_token",
      "provider": "provider[\"registry.terraform.io/hashicorp/random\"]",
      "instances": [
        {
          "schema_version": 3,
          "attributes": {
            "bcrypt_hash": "$2a$10$k/.vYfTFaJPqNCyYTTbAa.OdViUr4L1AtmlFTCh4lRz6LhEfKikKG",
            "id": "none",
            "keepers": null,
            "length": 64,
            "lower": true,
            "min_lower": 0,
            "min_numeric": 0,
            "min_special": 0,
            "min_upper": 0,
            "number": true,
            "numeric": true,
            "override_special": null,
            "result": "Wv7JpuHpEeGjwOyh5XB7keTQgFyknbi5JK7tNN81MLmlQ1V2EuCv4lPKTrnSvoQz",
            "special": false,
            "upper": true
          },
          "sensitive_attributes": [
            [
              {
                "type": "get_attr",
                "value": "bcrypt_hash"
              }
            ],
            [
              {
                "type": "get_attr",
                "value": "result"
              }
            ]
          ],
          "identity_schema_version": 0
        }
      ]
    },
    {
      "mode": "managed",
      "type": "random_password",
      "name": "db",
      "provider": "provider[\"registry.terraform.io/hashicorp/random\"]",
      "instances": [
        {
          "schema_version": 3,
          "attributes": {
            "bcrypt_hash": "$2a$10$hUW3TAHmdERTqGsTltBxt.7JT0xrEkIfTRCOmJ1HVyQ3SVBihMQq6",
            "id": "none",
            "keepers": null,
            "length": 24,
            "lower": true,
            "min_lower": 0,
            "min_numeric": 0,
            "min_special": 0,
            "min_upper": 0,
            "number": true,
            "numeric": true,
            "override_special": null,
            "result": "uOmYzwAW6lpWDbXq2drM1WQK",
            "special": false,
            "upper": true
          },
          "sensitive_attributes": [
            [
              {
                "type": "get_attr",
                "value": "bcrypt_hash"
              }
            ],
            [
              {
                "type": "get_attr",
                "value": "result"
              }
            ]
          ],
          "identity_schema_version": 0
        }
      ]
    },
    {
      "mode": "managed",
      "type": "random_password",
      "name": "jwt_secret",
      "provider": "provider[\"registry.terraform.io/hashicorp/random\"]",
      "instances": [
        {
          "schema_version": 3,
          "attributes": {
            "bcrypt_hash": "$2a$10$QNDT97a9qXvJAlFEw8DYGul1e5rbwj0csL9412.RHF9.axxzP23VG",
            "id": "none",
            "keepers": null,
            "length": 64,
            "lower": true,
            "min_lower": 0,
            "min_numeric": 0,
            "min_special": 0,
            "min_upper": 0,
            "number": true,
            "numeric": true,
            "override_special": null,
            "result": "FKxevAu09kKMj4hXLBZfGaJlT48vgfS2gcBvpBjCF6XpJetoIqcoS2soGhlcobhT",
            "special": false,
            "upper": true
          },
          "sensitive_attributes": [
            [
              {
                "type": "get_attr",
                "value": "bcrypt_hash"
              }
            ],
            [
              {
                "type": "get_attr",
                "value": "result"
              }
            ]
          ],
          "identity_schema_version": 0
        }
      ]
    }
  ],
  "check_results": null
}
